Microsoft Visual Studio Solution File, Format Version 12.00
Project("{2150E333-8FDC-42A3-9474-1A3956D46DE8}") = "src", "src", "{FAF67841-474B-4087-8C1A-A1F9E2EAD066}"
EndProject
Project("{2150E333-8FDC-42A3-9474-1A3956D46DE8}") = "test", "test", "{B7751FC6-0B5D-4AD1-93FB-77FF50954BC5}"
EndProject
Project("{2150E333-8FDC-42A3-9474-1A3956D46DE8}") = "AElf.Blockchains", "AElf.Blockchains", "{398463C0-5870-4F95-B5E9-1F48E30D35C8}"
EndProject
Project("{2150E333-8FDC-42A3-9474-1A3956D46DE8}") = "AElf.CrossChain", "AElf.CrossChain", "{4F4757BD-571E-453D-8447-CCBD53FABA9A}"
EndProject
Project("{2150E333-8FDC-42A3-9474-1A3956D46DE8}") = "AElf.Kernel", "AElf.Kernel", "{50504D10-798D-478E-BE01-EBB979416A11}"
EndProject
Project("{2150E333-8FDC-42A3-9474-1A3956D46DE8}") = "AElf.OS", "AElf.OS", "{8855E0A7-8C0D-4ECC-AB97-D9FCBC30B9C8}"
EndProject
Project("{2150E333-8FDC-42A3-9474-1A3956D46DE8}") = "AElf.WebApp", "AElf.WebApp", "{62C7FEA0-5588-4AD7-A0FC-110544EAE285}"
EndProject
Project("{2150E333-8FDC-42A3-9474-1A3956D46DE8}") = "AElf.Test.WebApp", "AElf.Test.WebApp", "{56AE29B6-6233-4B1F-848B-079B6CC0A3B0}"
EndProject
Project("{FAE04EC0-301F-11D3-BF4B-00C04F79EFBC}") = "AElf.Kernel.Core", "src\AElf.Kernel.Core\AElf.Kernel.Core.csproj", "{D80FD698-7A0E-4DF2-BD0C-624E924A5D4E}"
EndProject
Project("{FAE04EC0-301F-11D3-BF4B-00C04F79EFBC}") = "AElf.Kernel.Core.Tests", "test\AElf.Kernel.Core.Tests\AElf.Kernel.Core.Tests.csproj", "{9A5B0538-886A-4DBC-A8BE-A9521D23BD5C}"
EndProject
Project("{FAE04EC0-301F-11D3-BF4B-00C04F79EFBC}") = "AElf.TestBase", "test\AElf.TestBase\AElf.TestBase.csproj", "{DB854ADC-6E0D-48F6-B594-2BBD32DC92B9}"
EndProject
Project("{FAE04EC0-301F-11D3-BF4B-00C04F79EFBC}") = "AElf.Kernel", "src\AElf.Kernel\AElf.Kernel.csproj", "{10E20EF3-FFC9-45B3-BDBB-749A23297BCC}"
EndProject
Project("{FAE04EC0-301F-11D3-BF4B-00C04F79EFBC}") = "AElf.Kernel.ChainController", "src\AElf.Kernel.ChainController\AElf.Kernel.ChainController.csproj", "{09D01D94-3318-482D-A99E-C22BF62A94D5}"
EndProject
Project("{FAE04EC0-301F-11D3-BF4B-00C04F79EFBC}") = "AElf.Kernel.CodeCheck", "src\AElf.Kernel.CodeCheck\AElf.Kernel.CodeCheck.csproj", "{CB4827A7-E3CC-4604-82AC-3E5D18DFD57F}"
EndProject
Project("{FAE04EC0-301F-11D3-BF4B-00C04F79EFBC}") = "AElf.Kernel.Configuration", "src\AElf.Kernel.Configuration\AElf.Kernel.Configuration.csproj", "{0E02293C-8544-4C43-81CE-2E8A416E38BF}"
EndProject
Project("{FAE04EC0-301F-11D3-BF4B-00C04F79EFBC}") = "AElf.Kernel.Consensus.AEDPoS", "src\AElf.Kernel.Consensus.AEDPoS\AElf.Kernel.Consensus.AEDPoS.csproj", "{4E956F38-77A7-445A-B067-BFB123995C4C}"
EndProject
Project("{FAE04EC0-301F-11D3-BF4B-00C04F79EFBC}") = "AElf.Kernel.Consensus.Core", "src\AElf.Kernel.Consensus.Core\AElf.Kernel.Consensus.Core.csproj", "{5DAB0F25-2DF9-49FA-9966-84CECFE403CA}"
EndProject
Project("{FAE04EC0-301F-11D3-BF4B-00C04F79EFBC}") = "AElf.Kernel.Consensus.Scheduler.FluentScheduler", "src\AElf.Kernel.Consensus.Scheduler.FluentScheduler\AElf.Kernel.Consensus.Scheduler.FluentScheduler.csproj", "{B998C279-C62E-4949-92C5-52D4455B4B6F}"
EndProject
Project("{FAE04EC0-301F-11D3-BF4B-00C04F79EFBC}") = "AElf.Kernel.Consensus.Scheduler.RxNet", "src\AElf.Kernel.Consensus.Scheduler.RxNet\AElf.Kernel.Consensus.Scheduler.RxNet.csproj", "{0396B229-C6D6-4CCC-BCD2-0158A93193D3}"
EndProject
Project("{FAE04EC0-301F-11D3-BF4B-00C04F79EFBC}") = "AElf.Kernel.FeatureManager", "src\AElf.Kernel.FeatureManager\AElf.Kernel.FeatureManager.csproj", "{CFDA6378-7EA0-4DAB-BE1F-CE10E0072718}"
EndProject
Project("{FAE04EC0-301F-11D3-BF4B-00C04F79EFBC}") = "AElf.Kernel.FeeCalculation", "src\AElf.Kernel.FeeCalculation\AElf.Kernel.FeeCalculation.csproj", "{7308E633-AA3E-4CB9-87BE-E4345562C45C}"
EndProject
Project("{FAE04EC0-301F-11D3-BF4B-00C04F79EFBC}") = "AElf.Kernel.Node", "src\AElf.Kernel.Node\AElf.Kernel.Node.csproj", "{C0557028-6FC0-4AF4-B362-2F0813C91942}"
EndProject
Project("{FAE04EC0-301F-11D3-BF4B-00C04F79EFBC}") = "AElf.Kernel.Proposal", "src\AElf.Kernel.Proposal\AElf.Kernel.Proposal.csproj", "{D0899A52-03D7-47AA-BD7F-090586F0776D}"
EndProject
Project("{FAE04EC0-301F-11D3-BF4B-00C04F79EFBC}") = "AElf.Kernel.SmartContract", "src\AElf.Kernel.SmartContract\AElf.Kernel.SmartContract.csproj", "{D95441CB-A6F0-480A-8CAB-4E5A64D66FB9}"
EndProject
Project("{FAE04EC0-301F-11D3-BF4B-00C04F79EFBC}") = "AElf.Kernel.SmartContract.ExecutionPluginForCallThreshold", "src\AElf.Kernel.SmartContract.ExecutionPluginForCallThreshold\AElf.Kernel.SmartContract.ExecutionPluginForCallThreshold.csproj", "{ABF5DEF1-2613-4465-9A3B-6B2EE4200B87}"
EndProject
Project("{FAE04EC0-301F-11D3-BF4B-00C04F79EFBC}") = "AElf.Kernel.SmartContract.ExecutionPluginForResourceFee", "src\AElf.Kernel.SmartContract.ExecutionPluginForResourceFee\AElf.Kernel.SmartContract.ExecutionPluginForResourceFee.csproj", "{2BCA926A-1254-45C8-AD2A-72EAB5523F41}"
EndProject
Project("{FAE04EC0-301F-11D3-BF4B-00C04F79EFBC}") = "AElf.Kernel.SmartContract.Parallel", "src\AElf.Kernel.SmartContract.Parallel\AElf.Kernel.SmartContract.Parallel.csproj", "{093E68B5-EC42-4351-8BE2-5A47CA2AB8EC}"
EndProject
Project("{FAE04EC0-301F-11D3-BF4B-00C04F79EFBC}") = "AElf.Kernel.SmartContract.ExecutionPluginForMethodFee", "src\AElf.Kernel.SmartContract.ExecutionPluginForMethodFee\AElf.Kernel.SmartContract.ExecutionPluginForMethodFee.csproj", "{7CB6B6F2-1184-4F0F-B2C3-1B8C4099CA02}"
EndProject
Project("{FAE04EC0-301F-11D3-BF4B-00C04F79EFBC}") = "AElf.Kernel.SmartContract.Shared", "src\AElf.Kernel.SmartContract.Shared\AElf.Kernel.SmartContract.Shared.csproj", "{71663388-D915-4A4E-83DB-AE2140D08D51}"
EndProject
Project("{FAE04EC0-301F-11D3-BF4B-00C04F79EFBC}") = "AElf.Kernel.SmartContractExecution", "src\AElf.Kernel.SmartContractExecution\AElf.Kernel.SmartContractExecution.csproj", "{AB8997F4-8457-4D9F-91E7-5AFE381A2174}"
EndProject
Project("{FAE04EC0-301F-11D3-BF4B-00C04F79EFBC}") = "AElf.Kernel.Token", "src\AElf.Kernel.Token\AElf.Kernel.Token.csproj", "{3210AAC2-FC6A-4CEC-A50E-4119BDE314B6}"
EndProject
Project("{FAE04EC0-301F-11D3-BF4B-00C04F79EFBC}") = "AElf.Kernel.TransactionPool", "src\AElf.Kernel.TransactionPool\AElf.Kernel.TransactionPool.csproj", "{D165126B-E07E-4082-BA44-DF6496308587}"
EndProject
Project("{FAE04EC0-301F-11D3-BF4B-00C04F79EFBC}") = "AElf.Kernel.Types", "src\AElf.Kernel.Types\AElf.Kernel.Types.csproj", "{280453F1-3C62-4CD7-9B6F-1FFE088F312B}"
EndProject
Project("{FAE04EC0-301F-11D3-BF4B-00C04F79EFBC}") = "AElf.CrossChain", "src\AElf.CrossChain\AElf.CrossChain.csproj", "{2C0712A8-D2F2-4E50-B602-22F86154F6C0}"
EndProject
Project("{FAE04EC0-301F-11D3-BF4B-00C04F79EFBC}") = "AElf.CrossChain.Core", "src\AElf.CrossChain.Core\AElf.CrossChain.Core.csproj", "{9349308B-EF29-4AA0-9EF9-C3E8D764C2BD}"
EndProject
Project("{FAE04EC0-301F-11D3-BF4B-00C04F79EFBC}") = "AElf.CrossChain.Grpc", "src\AElf.CrossChain.Grpc\AElf.CrossChain.Grpc.csproj", "{4D87024C-330B-44C8-AD91-F0E682A9C4E5}"
EndProject
Project("{FAE04EC0-301F-11D3-BF4B-00C04F79EFBC}") = "AElf.Blockchains.BasicBaseChain", "src\AElf.Blockchains.BasicBaseChain\AElf.Blockchains.BasicBaseChain.csproj", "{2C3D5076-88F5-4912-B8EF-4C049ACED839}"
EndProject
Project("{FAE04EC0-301F-11D3-BF4B-00C04F79EFBC}") = "AElf.Blockchains.MainChain", "src\AElf.Blockchains.MainChain\AElf.Blockchains.MainChain.csproj", "{235ACAD6-900E-46FD-8AAF-A711C1F3C9EA}"
EndProject
Project("{FAE04EC0-301F-11D3-BF4B-00C04F79EFBC}") = "AElf.Blockchains.SideChain", "src\AElf.Blockchains.SideChain\AElf.Blockchains.SideChain.csproj", "{59DB24D0-1E43-44DA-A7FB-58C320095F33}"
EndProject
Project("{FAE04EC0-301F-11D3-BF4B-00C04F79EFBC}") = "AElf.OS", "src\AElf.OS\AElf.OS.csproj", "{96743545-B779-4C8D-B5F1-88DE4F21E9FE}"
EndProject
Project("{FAE04EC0-301F-11D3-BF4B-00C04F79EFBC}") = "AElf.OS.Core", "src\AElf.OS.Core\AElf.OS.Core.csproj", "{21F6E2E7-D343-4F2D-A659-00CA82364DB9}"
EndProject
Project("{FAE04EC0-301F-11D3-BF4B-00C04F79EFBC}") = "AElf.OS.Network.Grpc", "src\AElf.OS.Network.Grpc\AElf.OS.Network.Grpc.csproj", "{EED60DD2-4FEC-4EC7-A32A-AE92E441C628}"
EndProject
Project("{FAE04EC0-301F-11D3-BF4B-00C04F79EFBC}") = "AElf.WebApp.Application.Chain", "src\AElf.WebApp.Application.Chain\AElf.WebApp.Application.Chain.csproj", "{D850E2C3-860C-435C-892E-A7BAD0A12F62}"
EndProject
Project("{FAE04EC0-301F-11D3-BF4B-00C04F79EFBC}") = "AElf.WebApp.Application.Core", "src\AElf.WebApp.Application.Core\AElf.WebApp.Application.Core.csproj", "{E29E8B05-3006-4FD6-9CAF-C5EC970DFEC6}"
EndProject
Project("{FAE04EC0-301F-11D3-BF4B-00C04F79EFBC}") = "AElf.WebApp.Application.Net", "src\AElf.WebApp.Application.Net\AElf.WebApp.Application.Net.csproj", "{101756E8-279C-4BE8-8FFF-EBB01729F068}"
EndProject
Project("{FAE04EC0-301F-11D3-BF4B-00C04F79EFBC}") = "AElf.WebApp.Web", "src\AElf.WebApp.Web\AElf.WebApp.Web.csproj", "{158E84D9-7B67-4708-B3C1-A4DC3638053F}"
EndProject
Project("{FAE04EC0-301F-11D3-BF4B-00C04F79EFBC}") = "AElf.ContractDeployer", "src\AElf.ContractDeployer\AElf.ContractDeployer.csproj", "{3CBB0E9C-E7FB-41F4-A3EB-68FF64E5EAEB}"
EndProject
Project("{FAE04EC0-301F-11D3-BF4B-00C04F79EFBC}") = "AElf.Core", "src\AElf.Core\AElf.Core.csproj", "{8C2AF2E7-2B40-4C12-B59E-60DEAB029836}"
EndProject
Project("{FAE04EC0-301F-11D3-BF4B-00C04F79EFBC}") = "AElf.Cryptography", "src\AElf.Cryptography\AElf.Cryptography.csproj", "{081B2111-7CF2-40CB-A89B-31EC77BF1174}"
EndProject
Project("{FAE04EC0-301F-11D3-BF4B-00C04F79EFBC}") = "AElf.CSharp.CodeOps", "src\AElf.CSharp.CodeOps\AElf.CSharp.CodeOps.csproj", "{5BDE10B0-8AB7-4093-BFB1-409A9E0A23FC}"
EndProject
Project("{FAE04EC0-301F-11D3-BF4B-00C04F79EFBC}") = "AElf.CSharp.Core", "src\AElf.CSharp.Core\AElf.CSharp.Core.csproj", "{A0267C0D-0713-4C10-A608-CB0009230C43}"
EndProject
Project("{FAE04EC0-301F-11D3-BF4B-00C04F79EFBC}") = "AElf.Database", "src\AElf.Database\AElf.Database.csproj", "{B7E38978-CFAC-4137-8784-2202212CFB81}"
EndProject
Project("{FAE04EC0-301F-11D3-BF4B-00C04F79EFBC}") = "AElf.EconomicSystem", "src\AElf.EconomicSystem\AElf.EconomicSystem.csproj", "{03349D2D-98EA-421E-A87C-8F5C5C6B9CDD}"
EndProject
Project("{FAE04EC0-301F-11D3-BF4B-00C04F79EFBC}") = "AElf.GovernmentSystem", "src\AElf.GovernmentSystem\AElf.GovernmentSystem.csproj", "{8A28360D-19CE-40A2-9AA1-E187C8328E19}"
EndProject
Project("{FAE04EC0-301F-11D3-BF4B-00C04F79EFBC}") = "AElf.Launcher", "src\AElf.Launcher\AElf.Launcher.csproj", "{B47584E3-02B8-4AF4-BC86-1CC92E2A1188}"
EndProject
Project("{FAE04EC0-301F-11D3-BF4B-00C04F79EFBC}") = "AElf.Runtime.CSharp", "src\AElf.Runtime.CSharp\AElf.Runtime.CSharp.csproj", "{050F25D1-A52A-4AB4-9F59-96BCA2C2D354}"
EndProject
Project("{FAE04EC0-301F-11D3-BF4B-00C04F79EFBC}") = "AElf.Runtime.CSharp.Core", "src\AElf.Runtime.CSharp.Core\AElf.Runtime.CSharp.Core.csproj", "{4586C7F3-F4F5-4CF6-89E5-F89FE7DDEE6E}"
EndProject
Project("{FAE04EC0-301F-11D3-BF4B-00C04F79EFBC}") = "AElf.Runtime.CSharp.ExecutiveTokenPlugin", "src\AElf.Runtime.CSharp.ExecutiveTokenPlugin\AElf.Runtime.CSharp.ExecutiveTokenPlugin.csproj", "{1BABD106-C70F-4533-B306-1C13A12083F3}"
EndProject
Project("{FAE04EC0-301F-11D3-BF4B-00C04F79EFBC}") = "AElf.RuntimeSetup", "src\AElf.RuntimeSetup\AElf.RuntimeSetup.csproj", "{FD3630A4-1FDF-4C58-93A1-ABA1F7C27A97}"
EndProject
Project("{FAE04EC0-301F-11D3-BF4B-00C04F79EFBC}") = "AElf.Sdk.CSharp", "src\AElf.Sdk.CSharp\AElf.Sdk.CSharp.csproj", "{F45BC4EA-069C-4BA7-9949-C4187737C46A}"
EndProject
Project("{FAE04EC0-301F-11D3-BF4B-00C04F79EFBC}") = "AElf.Types", "src\AElf.Types\AElf.Types.csproj", "{2F811176-5E40-4F94-ABF9-590C6BADE118}"
EndProject
Global
	GlobalSection(SolutionConfigurationPlatforms) = preSolution
		Debug|Any CPU = Debug|Any CPU
		Release|Any CPU = Release|Any CPU
	EndGlobalSection
	GlobalSection(NestedProjects) = preSolution
		{398463C0-5870-4F95-B5E9-1F48E30D35C8} = {FAF67841-474B-4087-8C1A-A1F9E2EAD066}
		{4F4757BD-571E-453D-8447-CCBD53FABA9A} = {FAF67841-474B-4087-8C1A-A1F9E2EAD066}
		{50504D10-798D-478E-BE01-EBB979416A11} = {FAF67841-474B-4087-8C1A-A1F9E2EAD066}
		{8855E0A7-8C0D-4ECC-AB97-D9FCBC30B9C8} = {FAF67841-474B-4087-8C1A-A1F9E2EAD066}
		{62C7FEA0-5588-4AD7-A0FC-110544EAE285} = {FAF67841-474B-4087-8C1A-A1F9E2EAD066}
		{56AE29B6-6233-4B1F-848B-079B6CC0A3B0} = {B7751FC6-0B5D-4AD1-93FB-77FF50954BC5}
		{D80FD698-7A0E-4DF2-BD0C-624E924A5D4E} = {50504D10-798D-478E-BE01-EBB979416A11}
		{9A5B0538-886A-4DBC-A8BE-A9521D23BD5C} = {B7751FC6-0B5D-4AD1-93FB-77FF50954BC5}
		{DB854ADC-6E0D-48F6-B594-2BBD32DC92B9} = {B7751FC6-0B5D-4AD1-93FB-77FF50954BC5}
		{10E20EF3-FFC9-45B3-BDBB-749A23297BCC} = {50504D10-798D-478E-BE01-EBB979416A11}
		{09D01D94-3318-482D-A99E-C22BF62A94D5} = {50504D10-798D-478E-BE01-EBB979416A11}
		{CB4827A7-E3CC-4604-82AC-3E5D18DFD57F} = {50504D10-798D-478E-BE01-EBB979416A11}
		{0E02293C-8544-4C43-81CE-2E8A416E38BF} = {50504D10-798D-478E-BE01-EBB979416A11}
		{4E956F38-77A7-445A-B067-BFB123995C4C} = {50504D10-798D-478E-BE01-EBB979416A11}
		{5DAB0F25-2DF9-49FA-9966-84CECFE403CA} = {50504D10-798D-478E-BE01-EBB979416A11}
		{B998C279-C62E-4949-92C5-52D4455B4B6F} = {50504D10-798D-478E-BE01-EBB979416A11}
		{0396B229-C6D6-4CCC-BCD2-0158A93193D3} = {50504D10-798D-478E-BE01-EBB979416A11}
		{CFDA6378-7EA0-4DAB-BE1F-CE10E0072718} = {50504D10-798D-478E-BE01-EBB979416A11}
		{7308E633-AA3E-4CB9-87BE-E4345562C45C} = {50504D10-798D-478E-BE01-EBB979416A11}
		{C0557028-6FC0-4AF4-B362-2F0813C91942} = {50504D10-798D-478E-BE01-EBB979416A11}
		{D0899A52-03D7-47AA-BD7F-090586F0776D} = {50504D10-798D-478E-BE01-EBB979416A11}
		{D95441CB-A6F0-480A-8CAB-4E5A64D66FB9} = {50504D10-798D-478E-BE01-EBB979416A11}
		{ABF5DEF1-2613-4465-9A3B-6B2EE4200B87} = {50504D10-798D-478E-BE01-EBB979416A11}
		{2BCA926A-1254-45C8-AD2A-72EAB5523F41} = {50504D10-798D-478E-BE01-EBB979416A11}
		{093E68B5-EC42-4351-8BE2-5A47CA2AB8EC} = {50504D10-798D-478E-BE01-EBB979416A11}
		{7CB6B6F2-1184-4F0F-B2C3-1B8C4099CA02} = {50504D10-798D-478E-BE01-EBB979416A11}
		{71663388-D915-4A4E-83DB-AE2140D08D51} = {50504D10-798D-478E-BE01-EBB979416A11}
		{AB8997F4-8457-4D9F-91E7-5AFE381A2174} = {50504D10-798D-478E-BE01-EBB979416A11}
		{3210AAC2-FC6A-4CEC-A50E-4119BDE314B6} = {50504D10-798D-478E-BE01-EBB979416A11}
		{D165126B-E07E-4082-BA44-DF6496308587} = {50504D10-798D-478E-BE01-EBB979416A11}
		{280453F1-3C62-4CD7-9B6F-1FFE088F312B} = {50504D10-798D-478E-BE01-EBB979416A11}
		{2C0712A8-D2F2-4E50-B602-22F86154F6C0} = {4F4757BD-571E-453D-8447-CCBD53FABA9A}
		{9349308B-EF29-4AA0-9EF9-C3E8D764C2BD} = {4F4757BD-571E-453D-8447-CCBD53FABA9A}
		{4D87024C-330B-44C8-AD91-F0E682A9C4E5} = {4F4757BD-571E-453D-8447-CCBD53FABA9A}
		{2C3D5076-88F5-4912-B8EF-4C049ACED839} = {398463C0-5870-4F95-B5E9-1F48E30D35C8}
		{235ACAD6-900E-46FD-8AAF-A711C1F3C9EA} = {398463C0-5870-4F95-B5E9-1F48E30D35C8}
		{59DB24D0-1E43-44DA-A7FB-58C320095F33} = {398463C0-5870-4F95-B5E9-1F48E30D35C8}
		{96743545-B779-4C8D-B5F1-88DE4F21E9FE} = {8855E0A7-8C0D-4ECC-AB97-D9FCBC30B9C8}
		{21F6E2E7-D343-4F2D-A659-00CA82364DB9} = {8855E0A7-8C0D-4ECC-AB97-D9FCBC30B9C8}
		{EED60DD2-4FEC-4EC7-A32A-AE92E441C628} = {8855E0A7-8C0D-4ECC-AB97-D9FCBC30B9C8}
		{D850E2C3-860C-435C-892E-A7BAD0A12F62} = {62C7FEA0-5588-4AD7-A0FC-110544EAE285}
		{E29E8B05-3006-4FD6-9CAF-C5EC970DFEC6} = {62C7FEA0-5588-4AD7-A0FC-110544EAE285}
		{101756E8-279C-4BE8-8FFF-EBB01729F068} = {62C7FEA0-5588-4AD7-A0FC-110544EAE285}
		{158E84D9-7B67-4708-B3C1-A4DC3638053F} = {62C7FEA0-5588-4AD7-A0FC-110544EAE285}
		{3CBB0E9C-E7FB-41F4-A3EB-68FF64E5EAEB} = {FAF67841-474B-4087-8C1A-A1F9E2EAD066}
		{8C2AF2E7-2B40-4C12-B59E-60DEAB029836} = {FAF67841-474B-4087-8C1A-A1F9E2EAD066}
		{081B2111-7CF2-40CB-A89B-31EC77BF1174} = {FAF67841-474B-4087-8C1A-A1F9E2EAD066}
		{5BDE10B0-8AB7-4093-BFB1-409A9E0A23FC} = {FAF67841-474B-4087-8C1A-A1F9E2EAD066}
		{A0267C0D-0713-4C10-A608-CB0009230C43} = {FAF67841-474B-4087-8C1A-A1F9E2EAD066}
		{B7E38978-CFAC-4137-8784-2202212CFB81} = {FAF67841-474B-4087-8C1A-A1F9E2EAD066}
		{03349D2D-98EA-421E-A87C-8F5C5C6B9CDD} = {FAF67841-474B-4087-8C1A-A1F9E2EAD066}
		{8A28360D-19CE-40A2-9AA1-E187C8328E19} = {FAF67841-474B-4087-8C1A-A1F9E2EAD066}
		{B47584E3-02B8-4AF4-BC86-1CC92E2A1188} = {FAF67841-474B-4087-8C1A-A1F9E2EAD066}
		{050F25D1-A52A-4AB4-9F59-96BCA2C2D354} = {FAF67841-474B-4087-8C1A-A1F9E2EAD066}
		{4586C7F3-F4F5-4CF6-89E5-F89FE7DDEE6E} = {FAF67841-474B-4087-8C1A-A1F9E2EAD066}
		{1BABD106-C70F-4533-B306-1C13A12083F3} = {FAF67841-474B-4087-8C1A-A1F9E2EAD066}
		{FD3630A4-1FDF-4C58-93A1-ABA1F7C27A97} = {FAF67841-474B-4087-8C1A-A1F9E2EAD066}
		{F45BC4EA-069C-4BA7-9949-C4187737C46A} = {FAF67841-474B-4087-8C1A-A1F9E2EAD066}
		{2F811176-5E40-4F94-ABF9-590C6BADE118} = {FAF67841-474B-4087-8C1A-A1F9E2EAD066}
	EndGlobalSection
	GlobalSection(ProjectConfigurationPlatforms) = postSolution
		{D80FD698-7A0E-4DF2-BD0C-624E924A5D4E}.Debug|Any CPU.ActiveCfg = Debug|Any CPU
		{D80FD698-7A0E-4DF2-BD0C-624E924A5D4E}.Debug|Any CPU.Build.0 = Debug|Any CPU
		{D80FD698-7A0E-4DF2-BD0C-624E924A5D4E}.Release|Any CPU.ActiveCfg = Release|Any CPU
		{D80FD698-7A0E-4DF2-BD0C-624E924A5D4E}.Release|Any CPU.Build.0 = Release|Any CPU
		{9A5B0538-886A-4DBC-A8BE-A9521D23BD5C}.Debug|Any CPU.ActiveCfg = Debug|Any CPU
		{9A5B0538-886A-4DBC-A8BE-A9521D23BD5C}.Debug|Any CPU.Build.0 = Debug|Any CPU
		{9A5B0538-886A-4DBC-A8BE-A9521D23BD5C}.Release|Any CPU.ActiveCfg = Release|Any CPU
		{9A5B0538-886A-4DBC-A8BE-A9521D23BD5C}.Release|Any CPU.Build.0 = Release|Any CPU
		{DB854ADC-6E0D-48F6-B594-2BBD32DC92B9}.Debug|Any CPU.ActiveCfg = Debug|Any CPU
		{DB854ADC-6E0D-48F6-B594-2BBD32DC92B9}.Debug|Any CPU.Build.0 = Debug|Any CPU
		{DB854ADC-6E0D-48F6-B594-2BBD32DC92B9}.Release|Any CPU.ActiveCfg = Release|Any CPU
		{DB854ADC-6E0D-48F6-B594-2BBD32DC92B9}.Release|Any CPU.Build.0 = Release|Any CPU
		{10E20EF3-FFC9-45B3-BDBB-749A23297BCC}.Debug|Any CPU.ActiveCfg = Debug|Any CPU
		{10E20EF3-FFC9-45B3-BDBB-749A23297BCC}.Debug|Any CPU.Build.0 = Debug|Any CPU
		{10E20EF3-FFC9-45B3-BDBB-749A23297BCC}.Release|Any CPU.ActiveCfg = Release|Any CPU
		{10E20EF3-FFC9-45B3-BDBB-749A23297BCC}.Release|Any CPU.Build.0 = Release|Any CPU
		{09D01D94-3318-482D-A99E-C22BF62A94D5}.Debug|Any CPU.ActiveCfg = Debug|Any CPU
		{09D01D94-3318-482D-A99E-C22BF62A94D5}.Debug|Any CPU.Build.0 = Debug|Any CPU
		{09D01D94-3318-482D-A99E-C22BF62A94D5}.Release|Any CPU.ActiveCfg = Release|Any CPU
		{09D01D94-3318-482D-A99E-C22BF62A94D5}.Release|Any CPU.Build.0 = Release|Any CPU
		{CB4827A7-E3CC-4604-82AC-3E5D18DFD57F}.Debug|Any CPU.ActiveCfg = Debug|Any CPU
		{CB4827A7-E3CC-4604-82AC-3E5D18DFD57F}.Debug|Any CPU.Build.0 = Debug|Any CPU
		{CB4827A7-E3CC-4604-82AC-3E5D18DFD57F}.Release|Any CPU.ActiveCfg = Release|Any CPU
		{CB4827A7-E3CC-4604-82AC-3E5D18DFD57F}.Release|Any CPU.Build.0 = Release|Any CPU
		{0E02293C-8544-4C43-81CE-2E8A416E38BF}.Debug|Any CPU.ActiveCfg = Debug|Any CPU
		{0E02293C-8544-4C43-81CE-2E8A416E38BF}.Debug|Any CPU.Build.0 = Debug|Any CPU
		{0E02293C-8544-4C43-81CE-2E8A416E38BF}.Release|Any CPU.ActiveCfg = Release|Any CPU
		{0E02293C-8544-4C43-81CE-2E8A416E38BF}.Release|Any CPU.Build.0 = Release|Any CPU
		{4E956F38-77A7-445A-B067-BFB123995C4C}.Debug|Any CPU.ActiveCfg = Debug|Any CPU
		{4E956F38-77A7-445A-B067-BFB123995C4C}.Debug|Any CPU.Build.0 = Debug|Any CPU
		{4E956F38-77A7-445A-B067-BFB123995C4C}.Release|Any CPU.ActiveCfg = Release|Any CPU
		{4E956F38-77A7-445A-B067-BFB123995C4C}.Release|Any CPU.Build.0 = Release|Any CPU
		{5DAB0F25-2DF9-49FA-9966-84CECFE403CA}.Debug|Any CPU.ActiveCfg = Debug|Any CPU
		{5DAB0F25-2DF9-49FA-9966-84CECFE403CA}.Debug|Any CPU.Build.0 = Debug|Any CPU
		{5DAB0F25-2DF9-49FA-9966-84CECFE403CA}.Release|Any CPU.ActiveCfg = Release|Any CPU
		{5DAB0F25-2DF9-49FA-9966-84CECFE403CA}.Release|Any CPU.Build.0 = Release|Any CPU
		{B998C279-C62E-4949-92C5-52D4455B4B6F}.Debug|Any CPU.ActiveCfg = Debug|Any CPU
		{B998C279-C62E-4949-92C5-52D4455B4B6F}.Debug|Any CPU.Build.0 = Debug|Any CPU
		{B998C279-C62E-4949-92C5-52D4455B4B6F}.Release|Any CPU.ActiveCfg = Release|Any CPU
		{B998C279-C62E-4949-92C5-52D4455B4B6F}.Release|Any CPU.Build.0 = Release|Any CPU
		{0396B229-C6D6-4CCC-BCD2-0158A93193D3}.Debug|Any CPU.ActiveCfg = Debug|Any CPU
		{0396B229-C6D6-4CCC-BCD2-0158A93193D3}.Debug|Any CPU.Build.0 = Debug|Any CPU
		{0396B229-C6D6-4CCC-BCD2-0158A93193D3}.Release|Any CPU.ActiveCfg = Release|Any CPU
		{0396B229-C6D6-4CCC-BCD2-0158A93193D3}.Release|Any CPU.Build.0 = Release|Any CPU
		{CFDA6378-7EA0-4DAB-BE1F-CE10E0072718}.Debug|Any CPU.ActiveCfg = Debug|Any CPU
		{CFDA6378-7EA0-4DAB-BE1F-CE10E0072718}.Debug|Any CPU.Build.0 = Debug|Any CPU
		{CFDA6378-7EA0-4DAB-BE1F-CE10E0072718}.Release|Any CPU.ActiveCfg = Release|Any CPU
		{CFDA6378-7EA0-4DAB-BE1F-CE10E0072718}.Release|Any CPU.Build.0 = Release|Any CPU
		{7308E633-AA3E-4CB9-87BE-E4345562C45C}.Debug|Any CPU.ActiveCfg = Debug|Any CPU
		{7308E633-AA3E-4CB9-87BE-E4345562C45C}.Debug|Any CPU.Build.0 = Debug|Any CPU
		{7308E633-AA3E-4CB9-87BE-E4345562C45C}.Release|Any CPU.ActiveCfg = Release|Any CPU
		{7308E633-AA3E-4CB9-87BE-E4345562C45C}.Release|Any CPU.Build.0 = Release|Any CPU
		{C0557028-6FC0-4AF4-B362-2F0813C91942}.Debug|Any CPU.ActiveCfg = Debug|Any CPU
		{C0557028-6FC0-4AF4-B362-2F0813C91942}.Debug|Any CPU.Build.0 = Debug|Any CPU
		{C0557028-6FC0-4AF4-B362-2F0813C91942}.Release|Any CPU.ActiveCfg = Release|Any CPU
		{C0557028-6FC0-4AF4-B362-2F0813C91942}.Release|Any CPU.Build.0 = Release|Any CPU
		{D0899A52-03D7-47AA-BD7F-090586F0776D}.Debug|Any CPU.ActiveCfg = Debug|Any CPU
		{D0899A52-03D7-47AA-BD7F-090586F0776D}.Debug|Any CPU.Build.0 = Debug|Any CPU
		{D0899A52-03D7-47AA-BD7F-090586F0776D}.Release|Any CPU.ActiveCfg = Release|Any CPU
		{D0899A52-03D7-47AA-BD7F-090586F0776D}.Release|Any CPU.Build.0 = Release|Any CPU
		{D95441CB-A6F0-480A-8CAB-4E5A64D66FB9}.Debug|Any CPU.ActiveCfg = Debug|Any CPU
		{D95441CB-A6F0-480A-8CAB-4E5A64D66FB9}.Debug|Any CPU.Build.0 = Debug|Any CPU
		{D95441CB-A6F0-480A-8CAB-4E5A64D66FB9}.Release|Any CPU.ActiveCfg = Release|Any CPU
		{D95441CB-A6F0-480A-8CAB-4E5A64D66FB9}.Release|Any CPU.Build.0 = Release|Any CPU
		{ABF5DEF1-2613-4465-9A3B-6B2EE4200B87}.Debug|Any CPU.ActiveCfg = Debug|Any CPU
		{ABF5DEF1-2613-4465-9A3B-6B2EE4200B87}.Debug|Any CPU.Build.0 = Debug|Any CPU
		{ABF5DEF1-2613-4465-9A3B-6B2EE4200B87}.Release|Any CPU.ActiveCfg = Release|Any CPU
		{ABF5DEF1-2613-4465-9A3B-6B2EE4200B87}.Release|Any CPU.Build.0 = Release|Any CPU
		{2BCA926A-1254-45C8-AD2A-72EAB5523F41}.Debug|Any CPU.ActiveCfg = Debug|Any CPU
		{2BCA926A-1254-45C8-AD2A-72EAB5523F41}.Debug|Any CPU.Build.0 = Debug|Any CPU
		{2BCA926A-1254-45C8-AD2A-72EAB5523F41}.Release|Any CPU.ActiveCfg = Release|Any CPU
		{2BCA926A-1254-45C8-AD2A-72EAB5523F41}.Release|Any CPU.Build.0 = Release|Any CPU
		{093E68B5-EC42-4351-8BE2-5A47CA2AB8EC}.Debug|Any CPU.ActiveCfg = Debug|Any CPU
		{093E68B5-EC42-4351-8BE2-5A47CA2AB8EC}.Debug|Any CPU.Build.0 = Debug|Any CPU
		{093E68B5-EC42-4351-8BE2-5A47CA2AB8EC}.Release|Any CPU.ActiveCfg = Release|Any CPU
		{093E68B5-EC42-4351-8BE2-5A47CA2AB8EC}.Release|Any CPU.Build.0 = Release|Any CPU
		{7CB6B6F2-1184-4F0F-B2C3-1B8C4099CA02}.Debug|Any CPU.ActiveCfg = Debug|Any CPU
		{7CB6B6F2-1184-4F0F-B2C3-1B8C4099CA02}.Debug|Any CPU.Build.0 = Debug|Any CPU
		{7CB6B6F2-1184-4F0F-B2C3-1B8C4099CA02}.Release|Any CPU.ActiveCfg = Release|Any CPU
		{7CB6B6F2-1184-4F0F-B2C3-1B8C4099CA02}.Release|Any CPU.Build.0 = Release|Any CPU
		{71663388-D915-4A4E-83DB-AE2140D08D51}.Debug|Any CPU.ActiveCfg = Debug|Any CPU
		{71663388-D915-4A4E-83DB-AE2140D08D51}.Debug|Any CPU.Build.0 = Debug|Any CPU
		{71663388-D915-4A4E-83DB-AE2140D08D51}.Release|Any CPU.ActiveCfg = Release|Any CPU
		{71663388-D915-4A4E-83DB-AE2140D08D51}.Release|Any CPU.Build.0 = Release|Any CPU
		{AB8997F4-8457-4D9F-91E7-5AFE381A2174}.Debug|Any CPU.ActiveCfg = Debug|Any CPU
		{AB8997F4-8457-4D9F-91E7-5AFE381A2174}.Debug|Any CPU.Build.0 = Debug|Any CPU
		{AB8997F4-8457-4D9F-91E7-5AFE381A2174}.Release|Any CPU.ActiveCfg = Release|Any CPU
		{AB8997F4-8457-4D9F-91E7-5AFE381A2174}.Release|Any CPU.Build.0 = Release|Any CPU
		{3210AAC2-FC6A-4CEC-A50E-4119BDE314B6}.Debug|Any CPU.ActiveCfg = Debug|Any CPU
		{3210AAC2-FC6A-4CEC-A50E-4119BDE314B6}.Debug|Any CPU.Build.0 = Debug|Any CPU
		{3210AAC2-FC6A-4CEC-A50E-4119BDE314B6}.Release|Any CPU.ActiveCfg = Release|Any CPU
		{3210AAC2-FC6A-4CEC-A50E-4119BDE314B6}.Release|Any CPU.Build.0 = Release|Any CPU
		{D165126B-E07E-4082-BA44-DF6496308587}.Debug|Any CPU.ActiveCfg = Debug|Any CPU
		{D165126B-E07E-4082-BA44-DF6496308587}.Debug|Any CPU.Build.0 = Debug|Any CPU
		{D165126B-E07E-4082-BA44-DF6496308587}.Release|Any CPU.ActiveCfg = Release|Any CPU
		{D165126B-E07E-4082-BA44-DF6496308587}.Release|Any CPU.Build.0 = Release|Any CPU
		{280453F1-3C62-4CD7-9B6F-1FFE088F312B}.Debug|Any CPU.ActiveCfg = Debug|Any CPU
		{280453F1-3C62-4CD7-9B6F-1FFE088F312B}.Debug|Any CPU.Build.0 = Debug|Any CPU
		{280453F1-3C62-4CD7-9B6F-1FFE088F312B}.Release|Any CPU.ActiveCfg = Release|Any CPU
		{280453F1-3C62-4CD7-9B6F-1FFE088F312B}.Release|Any CPU.Build.0 = Release|Any CPU
		{2C0712A8-D2F2-4E50-B602-22F86154F6C0}.Debug|Any CPU.ActiveCfg = Debug|Any CPU
		{2C0712A8-D2F2-4E50-B602-22F86154F6C0}.Debug|Any CPU.Build.0 = Debug|Any CPU
		{2C0712A8-D2F2-4E50-B602-22F86154F6C0}.Release|Any CPU.ActiveCfg = Release|Any CPU
		{2C0712A8-D2F2-4E50-B602-22F86154F6C0}.Release|Any CPU.Build.0 = Release|Any CPU
		{9349308B-EF29-4AA0-9EF9-C3E8D764C2BD}.Debug|Any CPU.ActiveCfg = Debug|Any CPU
		{9349308B-EF29-4AA0-9EF9-C3E8D764C2BD}.Debug|Any CPU.Build.0 = Debug|Any CPU
		{9349308B-EF29-4AA0-9EF9-C3E8D764C2BD}.Release|Any CPU.ActiveCfg = Release|Any CPU
		{9349308B-EF29-4AA0-9EF9-C3E8D764C2BD}.Release|Any CPU.Build.0 = Release|Any CPU
		{4D87024C-330B-44C8-AD91-F0E682A9C4E5}.Debug|Any CPU.ActiveCfg = Debug|Any CPU
		{4D87024C-330B-44C8-AD91-F0E682A9C4E5}.Debug|Any CPU.Build.0 = Debug|Any CPU
		{4D87024C-330B-44C8-AD91-F0E682A9C4E5}.Release|Any CPU.ActiveCfg = Release|Any CPU
		{4D87024C-330B-44C8-AD91-F0E682A9C4E5}.Release|Any CPU.Build.0 = Release|Any CPU
		{2C3D5076-88F5-4912-B8EF-4C049ACED839}.Debug|Any CPU.ActiveCfg = Debug|Any CPU
		{2C3D5076-88F5-4912-B8EF-4C049ACED839}.Debug|Any CPU.Build.0 = Debug|Any CPU
		{2C3D5076-88F5-4912-B8EF-4C049ACED839}.Release|Any CPU.ActiveCfg = Release|Any CPU
		{2C3D5076-88F5-4912-B8EF-4C049ACED839}.Release|Any CPU.Build.0 = Release|Any CPU
		{235ACAD6-900E-46FD-8AAF-A711C1F3C9EA}.Debug|Any CPU.ActiveCfg = Debug|Any CPU
		{235ACAD6-900E-46FD-8AAF-A711C1F3C9EA}.Debug|Any CPU.Build.0 = Debug|Any CPU
		{235ACAD6-900E-46FD-8AAF-A711C1F3C9EA}.Release|Any CPU.ActiveCfg = Release|Any CPU
		{235ACAD6-900E-46FD-8AAF-A711C1F3C9EA}.Release|Any CPU.Build.0 = Release|Any CPU
		{59DB24D0-1E43-44DA-A7FB-58C320095F33}.Debug|Any CPU.ActiveCfg = Debug|Any CPU
		{59DB24D0-1E43-44DA-A7FB-58C320095F33}.Debug|Any CPU.Build.0 = Debug|Any CPU
		{59DB24D0-1E43-44DA-A7FB-58C320095F33}.Release|Any CPU.ActiveCfg = Release|Any CPU
		{59DB24D0-1E43-44DA-A7FB-58C320095F33}.Release|Any CPU.Build.0 = Release|Any CPU
		{96743545-B779-4C8D-B5F1-88DE4F21E9FE}.Debug|Any CPU.ActiveCfg = Debug|Any CPU
		{96743545-B779-4C8D-B5F1-88DE4F21E9FE}.Debug|Any CPU.Build.0 = Debug|Any CPU
		{96743545-B779-4C8D-B5F1-88DE4F21E9FE}.Release|Any CPU.ActiveCfg = Release|Any CPU
		{96743545-B779-4C8D-B5F1-88DE4F21E9FE}.Release|Any CPU.Build.0 = Release|Any CPU
		{21F6E2E7-D343-4F2D-A659-00CA82364DB9}.Debug|Any CPU.ActiveCfg = Debug|Any CPU
		{21F6E2E7-D343-4F2D-A659-00CA82364DB9}.Debug|Any CPU.Build.0 = Debug|Any CPU
		{21F6E2E7-D343-4F2D-A659-00CA82364DB9}.Release|Any CPU.ActiveCfg = Release|Any CPU
		{21F6E2E7-D343-4F2D-A659-00CA82364DB9}.Release|Any CPU.Build.0 = Release|Any CPU
		{EED60DD2-4FEC-4EC7-A32A-AE92E441C628}.Debug|Any CPU.ActiveCfg = Debug|Any CPU
		{EED60DD2-4FEC-4EC7-A32A-AE92E441C628}.Debug|Any CPU.Build.0 = Debug|Any CPU
		{EED60DD2-4FEC-4EC7-A32A-AE92E441C628}.Release|Any CPU.ActiveCfg = Release|Any CPU
		{EED60DD2-4FEC-4EC7-A32A-AE92E441C628}.Release|Any CPU.Build.0 = Release|Any CPU
		{D850E2C3-860C-435C-892E-A7BAD0A12F62}.Debug|Any CPU.ActiveCfg = Debug|Any CPU
		{D850E2C3-860C-435C-892E-A7BAD0A12F62}.Debug|Any CPU.Build.0 = Debug|Any CPU
		{D850E2C3-860C-435C-892E-A7BAD0A12F62}.Release|Any CPU.ActiveCfg = Release|Any CPU
		{D850E2C3-860C-435C-892E-A7BAD0A12F62}.Release|Any CPU.Build.0 = Release|Any CPU
		{E29E8B05-3006-4FD6-9CAF-C5EC970DFEC6}.Debug|Any CPU.ActiveCfg = Debug|Any CPU
		{E29E8B05-3006-4FD6-9CAF-C5EC970DFEC6}.Debug|Any CPU.Build.0 = Debug|Any CPU
		{E29E8B05-3006-4FD6-9CAF-C5EC970DFEC6}.Release|Any CPU.ActiveCfg = Release|Any CPU
		{E29E8B05-3006-4FD6-9CAF-C5EC970DFEC6}.Release|Any CPU.Build.0 = Release|Any CPU
		{101756E8-279C-4BE8-8FFF-EBB01729F068}.Debug|Any CPU.ActiveCfg = Debug|Any CPU
		{101756E8-279C-4BE8-8FFF-EBB01729F068}.Debug|Any CPU.Build.0 = Debug|Any CPU
		{101756E8-279C-4BE8-8FFF-EBB01729F068}.Release|Any CPU.ActiveCfg = Release|Any CPU
		{101756E8-279C-4BE8-8FFF-EBB01729F068}.Release|Any CPU.Build.0 = Release|Any CPU
		{158E84D9-7B67-4708-B3C1-A4DC3638053F}.Debug|Any CPU.ActiveCfg = Debug|Any CPU
		{158E84D9-7B67-4708-B3C1-A4DC3638053F}.Debug|Any CPU.Build.0 = Debug|Any CPU
		{158E84D9-7B67-4708-B3C1-A4DC3638053F}.Release|Any CPU.ActiveCfg = Release|Any CPU
		{158E84D9-7B67-4708-B3C1-A4DC3638053F}.Release|Any CPU.Build.0 = Release|Any CPU
		{3CBB0E9C-E7FB-41F4-A3EB-68FF64E5EAEB}.Debug|Any CPU.ActiveCfg = Debug|Any CPU
		{3CBB0E9C-E7FB-41F4-A3EB-68FF64E5EAEB}.Debug|Any CPU.Build.0 = Debug|Any CPU
		{3CBB0E9C-E7FB-41F4-A3EB-68FF64E5EAEB}.Release|Any CPU.ActiveCfg = Release|Any CPU
		{3CBB0E9C-E7FB-41F4-A3EB-68FF64E5EAEB}.Release|Any CPU.Build.0 = Release|Any CPU
		{8C2AF2E7-2B40-4C12-B59E-60DEAB029836}.Debug|Any CPU.ActiveCfg = Debug|Any CPU
		{8C2AF2E7-2B40-4C12-B59E-60DEAB029836}.Debug|Any CPU.Build.0 = Debug|Any CPU
		{8C2AF2E7-2B40-4C12-B59E-60DEAB029836}.Release|Any CPU.ActiveCfg = Release|Any CPU
		{8C2AF2E7-2B40-4C12-B59E-60DEAB029836}.Release|Any CPU.Build.0 = Release|Any CPU
		{081B2111-7CF2-40CB-A89B-31EC77BF1174}.Debug|Any CPU.ActiveCfg = Debug|Any CPU
		{081B2111-7CF2-40CB-A89B-31EC77BF1174}.Debug|Any CPU.Build.0 = Debug|Any CPU
		{081B2111-7CF2-40CB-A89B-31EC77BF1174}.Release|Any CPU.ActiveCfg = Release|Any CPU
		{081B2111-7CF2-40CB-A89B-31EC77BF1174}.Release|Any CPU.Build.0 = Release|Any CPU
		{5BDE10B0-8AB7-4093-BFB1-409A9E0A23FC}.Debug|Any CPU.ActiveCfg = Debug|Any CPU
		{5BDE10B0-8AB7-4093-BFB1-409A9E0A23FC}.Debug|Any CPU.Build.0 = Debug|Any CPU
		{5BDE10B0-8AB7-4093-BFB1-409A9E0A23FC}.Release|Any CPU.ActiveCfg = Release|Any CPU
		{5BDE10B0-8AB7-4093-BFB1-409A9E0A23FC}.Release|Any CPU.Build.0 = Release|Any CPU
		{A0267C0D-0713-4C10-A608-CB0009230C43}.Debug|Any CPU.ActiveCfg = Debug|Any CPU
		{A0267C0D-0713-4C10-A608-CB0009230C43}.Debug|Any CPU.Build.0 = Debug|Any CPU
		{A0267C0D-0713-4C10-A608-CB0009230C43}.Release|Any CPU.ActiveCfg = Release|Any CPU
		{A0267C0D-0713-4C10-A608-CB0009230C43}.Release|Any CPU.Build.0 = Release|Any CPU
		{B7E38978-CFAC-4137-8784-2202212CFB81}.Debug|Any CPU.ActiveCfg = Debug|Any CPU
		{B7E38978-CFAC-4137-8784-2202212CFB81}.Debug|Any CPU.Build.0 = Debug|Any CPU
		{B7E38978-CFAC-4137-8784-2202212CFB81}.Release|Any CPU.ActiveCfg = Release|Any CPU
		{B7E38978-CFAC-4137-8784-2202212CFB81}.Release|Any CPU.Build.0 = Release|Any CPU
		{03349D2D-98EA-421E-A87C-8F5C5C6B9CDD}.Debug|Any CPU.ActiveCfg = Debug|Any CPU
		{03349D2D-98EA-421E-A87C-8F5C5C6B9CDD}.Debug|Any CPU.Build.0 = Debug|Any CPU
		{03349D2D-98EA-421E-A87C-8F5C5C6B9CDD}.Release|Any CPU.ActiveCfg = Release|Any CPU
		{03349D2D-98EA-421E-A87C-8F5C5C6B9CDD}.Release|Any CPU.Build.0 = Release|Any CPU
		{8A28360D-19CE-40A2-9AA1-E187C8328E19}.Debug|Any CPU.ActiveCfg = Debug|Any CPU
		{8A28360D-19CE-40A2-9AA1-E187C8328E19}.Debug|Any CPU.Build.0 = Debug|Any CPU
		{8A28360D-19CE-40A2-9AA1-E187C8328E19}.Release|Any CPU.ActiveCfg = Release|Any CPU
		{8A28360D-19CE-40A2-9AA1-E187C8328E19}.Release|Any CPU.Build.0 = Release|Any CPU
		{B47584E3-02B8-4AF4-BC86-1CC92E2A1188}.Debug|Any CPU.ActiveCfg = Debug|Any CPU
		{B47584E3-02B8-4AF4-BC86-1CC92E2A1188}.Debug|Any CPU.Build.0 = Debug|Any CPU
		{B47584E3-02B8-4AF4-BC86-1CC92E2A1188}.Release|Any CPU.ActiveCfg = Release|Any CPU
		{B47584E3-02B8-4AF4-BC86-1CC92E2A1188}.Release|Any CPU.Build.0 = Release|Any CPU
		{050F25D1-A52A-4AB4-9F59-96BCA2C2D354}.Debug|Any CPU.ActiveCfg = Debug|Any CPU
		{050F25D1-A52A-4AB4-9F59-96BCA2C2D354}.Debug|Any CPU.Build.0 = Debug|Any CPU
		{050F25D1-A52A-4AB4-9F59-96BCA2C2D354}.Release|Any CPU.ActiveCfg = Release|Any CPU
		{050F25D1-A52A-4AB4-9F59-96BCA2C2D354}.Release|Any CPU.Build.0 = Release|Any CPU
		{4586C7F3-F4F5-4CF6-89E5-F89FE7DDEE6E}.Debug|Any CPU.ActiveCfg = Debug|Any CPU
		{4586C7F3-F4F5-4CF6-89E5-F89FE7DDEE6E}.Debug|Any CPU.Build.0 = Debug|Any CPU
		{4586C7F3-F4F5-4CF6-89E5-F89FE7DDEE6E}.Release|Any CPU.ActiveCfg = Release|Any CPU
		{4586C7F3-F4F5-4CF6-89E5-F89FE7DDEE6E}.Release|Any CPU.Build.0 = Release|Any CPU
		{1BABD106-C70F-4533-B306-1C13A12083F3}.Debug|Any CPU.ActiveCfg = Debug|Any CPU
		{1BABD106-C70F-4533-B306-1C13A12083F3}.Debug|Any CPU.Build.0 = Debug|Any CPU
		{1BABD106-C70F-4533-B306-1C13A12083F3}.Release|Any CPU.ActiveCfg = Release|Any CPU
		{1BABD106-C70F-4533-B306-1C13A12083F3}.Release|Any CPU.Build.0 = Release|Any CPU
		{FD3630A4-1FDF-4C58-93A1-ABA1F7C27A97}.Debug|Any CPU.ActiveCfg = Debug|Any CPU
		{FD3630A4-1FDF-4C58-93A1-ABA1F7C27A97}.Debug|Any CPU.Build.0 = Debug|Any CPU
		{FD3630A4-1FDF-4C58-93A1-ABA1F7C27A97}.Release|Any CPU.ActiveCfg = Release|Any CPU
		{FD3630A4-1FDF-4C58-93A1-ABA1F7C27A97}.Release|Any CPU.Build.0 = Release|Any CPU
		{F45BC4EA-069C-4BA7-9949-C4187737C46A}.Debug|Any CPU.ActiveCfg = Debug|Any CPU
		{F45BC4EA-069C-4BA7-9949-C4187737C46A}.Debug|Any CPU.Build.0 = Debug|Any CPU
		{F45BC4EA-069C-4BA7-9949-C4187737C46A}.Release|Any CPU.ActiveCfg = Release|Any CPU
		{F45BC4EA-069C-4BA7-9949-C4187737C46A}.Release|Any CPU.Build.0 = Release|Any CPU
		{2F811176-5E40-4F94-ABF9-590C6BADE118}.Debug|Any CPU.ActiveCfg = Debug|Any CPU
		{2F811176-5E40-4F94-ABF9-590C6BADE118}.Debug|Any CPU.Build.0 = Debug|Any CPU
		{2F811176-5E40-4F94-ABF9-590C6BADE118}.Release|Any CPU.ActiveCfg = Release|Any CPU
		{2F811176-5E40-4F94-ABF9-590C6BADE118}.Release|Any CPU.Build.0 = Release|Any CPU
	EndGlobalSection
EndGlobal
