
Microsoft Visual Studio Solution File, Format Version 12.00
Project("{FAE04EC0-301F-11D3-BF4B-00C04F79EFBC}") = "AElf.CLI", "AElf.CLI\AElf.CLI.csproj", "{F52C915B-9724-4A64-B170-8095C49C4AA3}"
EndProject
Project("{FAE04EC0-301F-11D3-BF4B-00C04F79EFBC}") = "AElf.CLI.Tests", "AElf.CLI.Tests\AElf.CLI.Tests.csproj", "{2CDFDF10-09C0-4632-8383-0CBBB4BBC0D1}"
EndProject
Project("{FAE04EC0-301F-11D3-BF4B-00C04F79EFBC}") = "AElf.Common", "AElf.Common\AElf.Common.csproj", "{1F83D48A-5AB8-4F02-A2C9-BCF7228AAF3D}"
EndProject
Project("{FAE04EC0-301F-11D3-BF4B-00C04F79EFBC}") = "AElf.Cryptography.Tests", "AElf.Cryptography.Tests\AElf.Cryptography.Tests.csproj", "{C63F38F3-0421-48DF-87F1-CF7E649AD466}"
EndProject
Project("{FAE04EC0-301F-11D3-BF4B-00C04F79EFBC}") = "AElf.Core", "AElf.Core\AElf.Core.csproj", "{76ED648B-F75A-42B2-9513-DE5E8ADB9D7C}"
EndProject
Global
	GlobalSection(SolutionConfigurationPlatforms) = preSolution
		Debug|Any CPU = Debug|Any CPU
		Release|Any CPU = Release|Any CPU
	EndGlobalSection
	GlobalSection(ProjectConfigurationPlatforms) = postSolution
		{F52C915B-9724-4A64-B170-8095C49C4AA3}.Debug|Any CPU.ActiveCfg = Debug|Any CPU
		{F52C915B-9724-4A64-B170-8095C49C4AA3}.Debug|Any CPU.Build.0 = Debug|Any CPU
		{F52C915B-9724-4A64-B170-8095C49C4AA3}.Release|Any CPU.ActiveCfg = Release|Any CPU
		{F52C915B-9724-4A64-B170-8095C49C4AA3}.Release|Any CPU.Build.0 = Release|Any CPU
		{2CDFDF10-09C0-4632-8383-0CBBB4BBC0D1}.Debug|Any CPU.ActiveCfg = Debug|Any CPU
		{2CDFDF10-09C0-4632-8383-0CBBB4BBC0D1}.Debug|Any CPU.Build.0 = Debug|Any CPU
		{2CDFDF10-09C0-4632-8383-0CBBB4BBC0D1}.Release|Any CPU.ActiveCfg = Release|Any CPU
		{2CDFDF10-09C0-4632-8383-0CBBB4BBC0D1}.Release|Any CPU.Build.0 = Release|Any CPU
		{1F83D48A-5AB8-4F02-A2C9-BCF7228AAF3D}.Debug|Any CPU.ActiveCfg = Debug|Any CPU
		{1F83D48A-5AB8-4F02-A2C9-BCF7228AAF3D}.Debug|Any CPU.Build.0 = Debug|Any CPU
		{1F83D48A-5AB8-4F02-A2C9-BCF7228AAF3D}.Release|Any CPU.ActiveCfg = Release|Any CPU
		{1F83D48A-5AB8-4F02-A2C9-BCF7228AAF3D}.Release|Any CPU.Build.0 = Release|Any CPU
		{C63F38F3-0421-48DF-87F1-CF7E649AD466}.Debug|Any CPU.ActiveCfg = Debug|Any CPU
		{C63F38F3-0421-48DF-87F1-CF7E649AD466}.Debug|Any CPU.Build.0 = Debug|Any CPU
		{C63F38F3-0421-48DF-87F1-CF7E649AD466}.Release|Any CPU.ActiveCfg = Release|Any CPU
		{C63F38F3-0421-48DF-87F1-CF7E649AD466}.Release|Any CPU.Build.0 = Release|Any CPU
		{76ED648B-F75A-42B2-9513-DE5E8ADB9D7C}.Debug|Any CPU.ActiveCfg = Debug|Any CPU
		{76ED648B-F75A-42B2-9513-DE5E8ADB9D7C}.Debug|Any CPU.Build.0 = Debug|Any CPU
		{76ED648B-F75A-42B2-9513-DE5E8ADB9D7C}.Release|Any CPU.ActiveCfg = Release|Any CPU
		{76ED648B-F75A-42B2-9513-DE5E8ADB9D7C}.Release|Any CPU.Build.0 = Release|Any CPU
	EndGlobalSection
EndGlobal
